
Microsoft Visual Studio Solution File, Format Version 12.00
# Visual Studio Version 16
VisualStudioVersion = 16.0.30621.155
MinimumVisualStudioVersion = 10.0.40219.1
Project("{9A19103F-16F7-4668-BE54-9A1E7A4F7556}") = "01.train", "01.train\01.train.csproj", "{C12BC717-6405-489D-A609-6226088A20B0}"
EndProject
Project("{9A19103F-16F7-4668-BE54-9A1E7A4F7556}") = "02.commonElements", "02.commonElements\02.commonElements.csproj", "{48387368-BA6F-4C06-A22A-6C615512E634}"
EndProject
Project("{9A19103F-16F7-4668-BE54-9A1E7A4F7556}") = "03.zig-ZagArrays", "03.zig-ZagArrays\03.zig-ZagArrays.csproj", "{2AF62470-5107-40DE-AAB2-D2572205C41D}"
EndProject
Project("{9A19103F-16F7-4668-BE54-9A1E7A4F7556}") = "04.arrayRotation", "04.arrayRotation\04.arrayRotation.csproj", "{39149C58-B4C9-4175-BDA0-539836342B7F}"
EndProject
Project("{9A19103F-16F7-4668-BE54-9A1E7A4F7556}") = "05.topIntegers", "05.topIntegers\05.topIntegers.csproj", "{D9E48F7A-9D7D-48FE-8C6E-B678EA17105E}"
EndProject
Project("{9A19103F-16F7-4668-BE54-9A1E7A4F7556}") = "06.equalSum", "06.equalSum\06.equalSum.csproj", "{7F4C49CC-CFED-493D-9FBB-C5DEAA086719}"
EndProject
Project("{FAE04EC0-301F-11D3-BF4B-00C04F79EFBC}") = "07.maxSequenceOfEqualElements", "07.maxSequenceOfEqualElements\07.maxSequenceOfEqualElements.csproj", "{F0BD1F4E-1E21-459E-90DD-0D153271CD78}"
EndProject
Project("{FAE04EC0-301F-11D3-BF4B-00C04F79EFBC}") = "08.magicSum", "08.magicSum\08.magicSum.csproj", "{6FBB0C9D-C638-4422-8DB5-ABAEE63BA430}"
EndProject
Project("{FAE04EC0-301F-11D3-BF4B-00C04F79EFBC}") = "09.kaminoFactory", "09.kaminoFactory\09.kaminoFactory.csproj", "{B14CE6D7-8578-45E8-9CA9-8EAEB8F831F4}"
EndProject
Project("{FAE04EC0-301F-11D3-BF4B-00C04F79EFBC}") = "07.maxSequenceOfEqualElements2", "07.maxSequenceOfEqualElements2\07.maxSequenceOfEqualElements2.csproj", "{023AAC17-895F-4A6A-A3FB-576A4B18D37B}"
EndProject
Project("{FAE04EC0-301F-11D3-BF4B-00C04F79EFBC}") = "10.LadyBugs", "10.LadyBugs\10.LadyBugs.csproj", "{6432271D-E9F8-4F2C-9B9C-719D124C7B59}"
EndProject
Global
	GlobalSection(SolutionConfigurationPlatforms) = preSolution
		Debug|Any CPU = Debug|Any CPU
		Release|Any CPU = Release|Any CPU
	EndGlobalSection
	GlobalSection(ProjectConfigurationPlatforms) = postSolution
		{C12BC717-6405-489D-A609-6226088A20B0}.Debug|Any CPU.ActiveCfg = Debug|Any CPU
		{C12BC717-6405-489D-A609-6226088A20B0}.Debug|Any CPU.Build.0 = Debug|Any CPU
		{C12BC717-6405-489D-A609-6226088A20B0}.Release|Any CPU.ActiveCfg = Release|Any CPU
		{C12BC717-6405-489D-A609-6226088A20B0}.Release|Any CPU.Build.0 = Release|Any CPU
		{48387368-BA6F-4C06-A22A-6C615512E634}.Debug|Any CPU.ActiveCfg = Debug|Any CPU
		{48387368-BA6F-4C06-A22A-6C615512E634}.Debug|Any CPU.Build.0 = Debug|Any CPU
		{48387368-BA6F-4C06-A22A-6C615512E634}.Release|Any CPU.ActiveCfg = Release|Any CPU
		{48387368-BA6F-4C06-A22A-6C615512E634}.Release|Any CPU.Build.0 = Release|Any CPU
		{2AF62470-5107-40DE-AAB2-D2572205C41D}.Debug|Any CPU.ActiveCfg = Debug|Any CPU
		{2AF62470-5107-40DE-AAB2-D2572205C41D}.Debug|Any CPU.Build.0 = Debug|Any CPU
		{2AF62470-5107-40DE-AAB2-D2572205C41D}.Release|Any CPU.ActiveCfg = Release|Any CPU
		{2AF62470-5107-40DE-AAB2-D2572205C41D}.Release|Any CPU.Build.0 = Release|Any CPU
		{39149C58-B4C9-4175-BDA0-539836342B7F}.Debug|Any CPU.ActiveCfg = Debug|Any CPU
		{39149C58-B4C9-4175-BDA0-539836342B7F}.Debug|Any CPU.Build.0 = Debug|Any CPU
		{39149C58-B4C9-4175-BDA0-539836342B7F}.Release|Any CPU.ActiveCfg = Release|Any CPU
		{39149C58-B4C9-4175-BDA0-539836342B7F}.Release|Any CPU.Build.0 = Release|Any CPU
		{D9E48F7A-9D7D-48FE-8C6E-B678EA17105E}.Debug|Any CPU.ActiveCfg = Debug|Any CPU
		{D9E48F7A-9D7D-48FE-8C6E-B678EA17105E}.Debug|Any CPU.Build.0 = Debug|Any CPU
		{D9E48F7A-9D7D-48FE-8C6E-B678EA17105E}.Release|Any CPU.ActiveCfg = Release|Any CPU
		{D9E48F7A-9D7D-48FE-8C6E-B678EA17105E}.Release|Any CPU.Build.0 = Release|Any CPU
		{7F4C49CC-CFED-493D-9FBB-C5DEAA086719}.Debug|Any CPU.ActiveCfg = Debug|Any CPU
		{7F4C49CC-CFED-493D-9FBB-C5DEAA086719}.Debug|Any CPU.Build.0 = Debug|Any CPU
		{7F4C49CC-CFED-493D-9FBB-C5DEAA086719}.Release|Any CPU.ActiveCfg = Release|Any CPU
		{7F4C49CC-CFED-493D-9FBB-C5DEAA086719}.Release|Any CPU.Build.0 = Release|Any CPU
		{F0BD1F4E-1E21-459E-90DD-0D153271CD78}.Debug|Any CPU.ActiveCfg = Debug|Any CPU
		{F0BD1F4E-1E21-459E-90DD-0D153271CD78}.Debug|Any CPU.Build.0 = Debug|Any CPU
		{F0BD1F4E-1E21-459E-90DD-0D153271CD78}.Release|Any CPU.ActiveCfg = Release|Any CPU
		{F0BD1F4E-1E21-459E-90DD-0D153271CD78}.Release|Any CPU.Build.0 = Release|Any CPU
		{6FBB0C9D-C638-4422-8DB5-ABAEE63BA430}.Debug|Any CPU.ActiveCfg = Debug|Any CPU
		{6FBB0C9D-C638-4422-8DB5-ABAEE63BA430}.Debug|Any CPU.Build.0 = Debug|Any CPU
		{6FBB0C9D-C638-4422-8DB5-ABAEE63BA430}.Release|Any CPU.ActiveCfg = Release|Any CPU
		{6FBB0C9D-C638-4422-8DB5-ABAEE63BA430}.Release|Any CPU.Build.0 = Release|Any CPU
		{B14CE6D7-8578-45E8-9CA9-8EAEB8F831F4}.Debug|Any CPU.ActiveCfg = Debug|Any CPU
		{B14CE6D7-8578-45E8-9CA9-8EAEB8F831F4}.Debug|Any CPU.Build.0 = Debug|Any CPU
		{B14CE6D7-8578-45E8-9CA9-8EAEB8F831F4}.Release|Any CPU.ActiveCfg = Release|Any CPU
		{B14CE6D7-8578-45E8-9CA9-8EAEB8F831F4}.Release|Any CPU.Build.0 = Release|Any CPU
		{023AAC17-895F-4A6A-A3FB-576A4B18D37B}.Debug|Any CPU.ActiveCfg = Debug|Any CPU
		{023AAC17-895F-4A6A-A3FB-576A4B18D37B}.Debug|Any CPU.Build.0 = Debug|Any CPU
		{023AAC17-895F-4A6A-A3FB-576A4B18D37B}.Release|Any CPU.ActiveCfg = Release|Any CPU
		{023AAC17-895F-4A6A-A3FB-576A4B18D37B}.Release|Any CPU.Build.0 = Release|Any CPU
		{6432271D-E9F8-4F2C-9B9C-719D124C7B59}.Debug|Any CPU.ActiveCfg = Debug|Any CPU
		{6432271D-E9F8-4F2C-9B9C-719D124C7B59}.Debug|Any CPU.Build.0 = Debug|Any CPU
		{6432271D-E9F8-4F2C-9B9C-719D124C7B59}.Release|Any CPU.ActiveCfg = Release|Any CPU
		{6432271D-E9F8-4F2C-9B9C-719D124C7B59}.Release|Any CPU.Build.0 = Release|Any CPU
	EndGlobalSection
	GlobalSection(SolutionProperties) = preSolution
		HideSolutionNode = FALSE
	EndGlobalSection
	GlobalSection(ExtensibilityGlobals) = postSolution
		SolutionGuid = {D1DCA8F5-B31E-4790-A07D-ADD41A8125F5}
	EndGlobalSection
EndGlobal
