
Microsoft Visual Studio Solution File, Format Version 12.00
# Visual Studio Version 16
VisualStudioVersion = 16.0.31129.286
MinimumVisualStudioVersion = 10.0.40219.1
Project("{FAE04EC0-301F-11D3-BF4B-00C04F79EFBC}") = "P01TheImitationGame", "P01TheImitationGame\P01TheImitationGame.csproj", "{4FA3075D-FE60-4D0C-95E6-D31D7D93E963}"
EndProject
Project("{FAE04EC0-301F-11D3-BF4B-00C04F79EFBC}") = "P02AdAstra", "P02AdAstra\P02AdAstra.csproj", "{ECE151C6-C70B-4ED9-9720-B983D95666FF}"
EndProject
Project("{FAE04EC0-301F-11D3-BF4B-00C04F79EFBC}") = "P03ThePianist", "P03ThePianist\P03ThePianist.csproj", "{07ECF02B-E1A0-4EBF-A394-E463D0B35C82}"
EndProject
Global
	GlobalSection(SolutionConfigurationPlatforms) = preSolution
		Debug|Any CPU = Debug|Any CPU
		Release|Any CPU = Release|Any CPU
	EndGlobalSection
	GlobalSection(ProjectConfigurationPlatforms) = postSolution
		{4FA3075D-FE60-4D0C-95E6-D31D7D93E963}.Debug|Any CPU.ActiveCfg = Debug|Any CPU
		{4FA3075D-FE60-4D0C-95E6-D31D7D93E963}.Debug|Any CPU.Build.0 = Debug|Any CPU
		{4FA3075D-FE60-4D0C-95E6-D31D7D93E963}.Release|Any CPU.ActiveCfg = Release|Any CPU
		{4FA3075D-FE60-4D0C-95E6-D31D7D93E963}.Release|Any CPU.Build.0 = Release|Any CPU
		{ECE151C6-C70B-4ED9-9720-B983D95666FF}.Debug|Any CPU.ActiveCfg = Debug|Any CPU
		{ECE151C6-C70B-4ED9-9720-B983D95666FF}.Debug|Any CPU.Build.0 = Debug|Any CPU
		{ECE151C6-C70B-4ED9-9720-B983D95666FF}.Release|Any CPU.ActiveCfg = Release|Any CPU
		{ECE151C6-C70B-4ED9-9720-B983D95666FF}.Release|Any CPU.Build.0 = Release|Any CPU
		{07ECF02B-E1A0-4EBF-A394-E463D0B35C82}.Debug|Any CPU.ActiveCfg = Debug|Any CPU
		{07ECF02B-E1A0-4EBF-A394-E463D0B35C82}.Debug|Any CPU.Build.0 = Debug|Any CPU
		{07ECF02B-E1A0-4EBF-A394-E463D0B35C82}.Release|Any CPU.ActiveCfg = Release|Any CPU
		{07ECF02B-E1A0-4EBF-A394-E463D0B35C82}.Release|Any CPU.Build.0 = Release|Any CPU
	EndGlobalSection
	GlobalSection(SolutionProperties) = preSolution
		HideSolutionNode = FALSE
	EndGlobalSection
	GlobalSection(ExtensibilityGlobals) = postSolution
		SolutionGuid = {2A8BE615-2E90-4FD8-BBB9-74185448CDFB}
	EndGlobalSection
EndGlobal
